// !$*UTF8*$!
{
	archiveVersion = 1;
	classes = {
	};
	objectVersion = 56;
	objects = {

/* Begin PBXBuildFile section */
		994ED45929B86D0F00D8B414 /* DropDownMenuCell.swift in Sources */ = {isa = PBXBuildFile; fileRef = 994ED45829B86D0F00D8B414 /* DropDownMenuCell.swift */; };
		99663AAC29BADF050027456F /* NavBarMenuContainerView.swift in Sources */ = {isa = PBXBuildFile; fileRef = 99663AAB29BADF050027456F /* NavBarMenuContainerView.swift */; };
		99D79F1E29AF4A2300AD80B0 /* AppDelegate.swift in Sources */ = {isa = PBXBuildFile; fileRef = 99D79F1D29AF4A2300AD80B0 /* AppDelegate.swift */; };
		99D79F2029AF4A2300AD80B0 /* SceneDelegate.swift in Sources */ = {isa = PBXBuildFile; fileRef = 99D79F1F29AF4A2300AD80B0 /* SceneDelegate.swift */; };
		99D79F2229AF4A2300AD80B0 /* ViewController.swift in Sources */ = {isa = PBXBuildFile; fileRef = 99D79F2129AF4A2300AD80B0 /* ViewController.swift */; };
		99D79F2529AF4A2300AD80B0 /* Main.storyboard in Resources */ = {isa = PBXBuildFile; fileRef = 99D79F2329AF4A2300AD80B0 /* Main.storyboard */; };
		99D79F2729AF4A2500AD80B0 /* Assets.xcassets in Resources */ = {isa = PBXBuildFile; fileRef = 99D79F2629AF4A2500AD80B0 /* Assets.xcassets */; };
		99D79F2A29AF4A2500AD80B0 /* LaunchScreen.storyboard in Resources */ = {isa = PBXBuildFile; fileRef = 99D79F2829AF4A2500AD80B0 /* LaunchScreen.storyboard */; };
		99D79F3629B07D9F00AD80B0 /* HomeViewController.swift in Sources */ = {isa = PBXBuildFile; fileRef = 99D79F3529B07D9F00AD80B0 /* HomeViewController.swift */; };
		99D79F6429B6396000AD80B0 /* NavBarMenuView.swift in Sources */ = {isa = PBXBuildFile; fileRef = 99D79F6329B6396000AD80B0 /* NavBarMenuView.swift */; };
		99D79F6629B74C8600AD80B0 /* AlwaysShowPopup.swift in Sources */ = {isa = PBXBuildFile; fileRef = 99D79F6529B74C8600AD80B0 /* AlwaysShowPopup.swift */; };
		99D79F6829B82C5900AD80B0 /* DropDownMenuNoArrowPopoverBackgroundView.swift in Sources */ = {isa = PBXBuildFile; fileRef = 99D79F6729B82C5900AD80B0 /* DropDownMenuNoArrowPopoverBackgroundView.swift */; };
		99D79F6A29B83EB800AD80B0 /* DropDownMenuViewController.swift in Sources */ = {isa = PBXBuildFile; fileRef = 99D79F6929B83EB800AD80B0 /* DropDownMenuViewController.swift */; };
		99F3376629BE3BC300B269E6 /* DropDownMenuView.swift in Sources */ = {isa = PBXBuildFile; fileRef = 99F3376529BE3BC300B269E6 /* DropDownMenuView.swift */; };
/* End PBXBuildFile section */

/* Begin PBXFileReference section */
		994ED45829B86D0F00D8B414 /* DropDownMenuCell.swift */ = {isa = PBXFileReference; lastKnownFileType = sourcecode.swift; path = DropDownMenuCell.swift; sourceTree = "<group>"; };
		99663AAB29BADF050027456F /* NavBarMenuContainerView.swift */ = {isa = PBXFileReference; lastKnownFileType = sourcecode.swift; path = NavBarMenuContainerView.swift; sourceTree = "<group>"; };
		99D79F1A29AF4A2300AD80B0 /* component_dropDownView.app */ = {isa = PBXFileReference; explicitFileType = wrapper.application; includeInIndex = 0; path = component_dropDownView.app; sourceTree = BUILT_PRODUCTS_DIR; };
		99D79F1D29AF4A2300AD80B0 /* AppDelegate.swift */ = {isa = PBXFileReference; lastKnownFileType = sourcecode.swift; path = AppDelegate.swift; sourceTree = "<group>"; };
		99D79F1F29AF4A2300AD80B0 /* SceneDelegate.swift */ = {isa = PBXFileReference; lastKnownFileType = sourcecode.swift; path = SceneDelegate.swift; sourceTree = "<group>"; };
		99D79F2129AF4A2300AD80B0 /* ViewController.swift */ = {isa = PBXFileReference; lastKnownFileType = sourcecode.swift; path = ViewController.swift; sourceTree = "<group>"; };
		99D79F2429AF4A2300AD80B0 /* Base */ = {isa = PBXFileReference; lastKnownFileType = file.storyboard; name = Base; path = Base.lproj/Main.storyboard; sourceTree = "<group>"; };
		99D79F2629AF4A2500AD80B0 /* Assets.xcassets */ = {isa = PBXFileReference; lastKnownFileType = folder.assetcatalog; path = Assets.xcassets; sourceTree = "<group>"; };
		99D79F2929AF4A2500AD80B0 /* Base */ = {isa = PBXFileReference; lastKnownFileType = file.storyboard; name = Base; path = Base.lproj/LaunchScreen.storyboard; sourceTree = "<group>"; };
		99D79F2B29AF4A2500AD80B0 /* Info.plist */ = {isa = PBXFileReference; lastKnownFileType = text.plist.xml; path = Info.plist; sourceTree = "<group>"; };
		99D79F3529B07D9F00AD80B0 /* HomeViewController.swift */ = {isa = PBXFileReference; lastKnownFileType = sourcecode.swift; path = HomeViewController.swift; sourceTree = "<group>"; };
		99D79F6329B6396000AD80B0 /* NavBarMenuView.swift */ = {isa = PBXFileReference; lastKnownFileType = sourcecode.swift; path = NavBarMenuView.swift; sourceTree = "<group>"; };
		99D79F6529B74C8600AD80B0 /* AlwaysShowPopup.swift */ = {isa = PBXFileReference; lastKnownFileType = sourcecode.swift; path = AlwaysShowPopup.swift; sourceTree = "<group>"; };
		99D79F6729B82C5900AD80B0 /* DropDownMenuNoArrowPopoverBackgroundView.swift */ = {isa = PBXFileReference; fileEncoding = 4; lastKnownFileType = sourcecode.swift; path = DropDownMenuNoArrowPopoverBackgroundView.swift; sourceTree = "<group>"; };
		99D79F6929B83EB800AD80B0 /* DropDownMenuViewController.swift */ = {isa = PBXFileReference; lastKnownFileType = sourcecode.swift; path = DropDownMenuViewController.swift; sourceTree = "<group>"; };
		99F3376529BE3BC300B269E6 /* DropDownMenuView.swift */ = {isa = PBXFileReference; fileEncoding = 4; lastKnownFileType = sourcecode.swift; path = DropDownMenuView.swift; sourceTree = "<group>"; };
/* End PBXFileReference section */

/* Begin PBXFrameworksBuildPhase section */
		99D79F1729AF4A2300AD80B0 /* Frameworks */ = {
			isa = PBXFrameworksBuildPhase;
			buildActionMask = 2147483647;
			files = (
			);
			runOnlyForDeploymentPostprocessing = 0;
		};
/* End PBXFrameworksBuildPhase section */

/* Begin PBXGroup section */
		99D79F1129AF4A2300AD80B0 = {
			isa = PBXGroup;
			children = (
				99D79F1C29AF4A2300AD80B0 /* component_dropDownView */,
				99D79F1B29AF4A2300AD80B0 /* Products */,
			);
			sourceTree = "<group>";
		};
		99D79F1B29AF4A2300AD80B0 /* Products */ = {
			isa = PBXGroup;
			children = (
				99D79F1A29AF4A2300AD80B0 /* component_dropDownView.app */,
			);
			name = Products;
			sourceTree = "<group>";
		};
		99D79F1C29AF4A2300AD80B0 /* component_dropDownView */ = {
			isa = PBXGroup;
			children = (
				99D79F6729B82C5900AD80B0 /* DropDownMenuNoArrowPopoverBackgroundView.swift */,
				99D79F3529B07D9F00AD80B0 /* HomeViewController.swift */,
				99D79F1D29AF4A2300AD80B0 /* AppDelegate.swift */,
				99D79F1F29AF4A2300AD80B0 /* SceneDelegate.swift */,
				99D79F2129AF4A2300AD80B0 /* ViewController.swift */,
				99D79F2329AF4A2300AD80B0 /* Main.storyboard */,
				99D79F2629AF4A2500AD80B0 /* Assets.xcassets */,
				99D79F2829AF4A2500AD80B0 /* LaunchScreen.storyboard */,
				99D79F2B29AF4A2500AD80B0 /* Info.plist */,
				99D79F6329B6396000AD80B0 /* NavBarMenuView.swift */,
				99D79F6529B74C8600AD80B0 /* AlwaysShowPopup.swift */,
				99D79F6929B83EB800AD80B0 /* DropDownMenuViewController.swift */,
				99F3376529BE3BC300B269E6 /* DropDownMenuView.swift */,
				994ED45829B86D0F00D8B414 /* DropDownMenuCell.swift */,
				99663AAB29BADF050027456F /* NavBarMenuContainerView.swift */,
			);
			path = component_dropDownView;
			sourceTree = "<group>";
		};
/* End PBXGroup section */

/* Begin PBXNativeTarget section */
		99D79F1929AF4A2300AD80B0 /* component_dropDownView */ = {
			isa = PBXNativeTarget;
			buildConfigurationList = 99D79F2E29AF4A2500AD80B0 /* Build configuration list for PBXNativeTarget "component_dropDownView" */;
			buildPhases = (
				99D79F1629AF4A2300AD80B0 /* Sources */,
				99D79F1729AF4A2300AD80B0 /* Frameworks */,
				99D79F1829AF4A2300AD80B0 /* Resources */,
			);
			buildRules = (
			);
			dependencies = (
			);
			name = component_dropDownView;
			productName = component_dropDownView;
			productReference = 99D79F1A29AF4A2300AD80B0 /* component_dropDownView.app */;
			productType = "com.apple.product-type.application";
		};
/* End PBXNativeTarget section */

/* Begin PBXProject section */
		99D79F1229AF4A2300AD80B0 /* Project object */ = {
			isa = PBXProject;
			attributes = {
				BuildIndependentTargetsInParallel = 1;
				LastSwiftUpdateCheck = 1410;
				LastUpgradeCheck = 1410;
				TargetAttributes = {
					99D79F1929AF4A2300AD80B0 = {
						CreatedOnToolsVersion = 14.1;
					};
				};
			};
			buildConfigurationList = 99D79F1529AF4A2300AD80B0 /* Build configuration list for PBXProject "component_dropDownView" */;
			compatibilityVersion = "Xcode 14.0";
			developmentRegion = en;
			hasScannedForEncodings = 0;
			knownRegions = (
				en,
				Base,
			);
			mainGroup = 99D79F1129AF4A2300AD80B0;
			productRefGroup = 99D79F1B29AF4A2300AD80B0 /* Products */;
			projectDirPath = "";
			projectRoot = "";
			targets = (
				99D79F1929AF4A2300AD80B0 /* component_dropDownView */,
			);
		};
/* End PBXProject section */

/* Begin PBXResourcesBuildPhase section */
		99D79F1829AF4A2300AD80B0 /* Resources */ = {
			isa = PBXResourcesBuildPhase;
			buildActionMask = 2147483647;
			files = (
				99D79F2A29AF4A2500AD80B0 /* LaunchScreen.storyboard in Resources */,
				99D79F2729AF4A2500AD80B0 /* Assets.xcassets in Resources */,
				99D79F2529AF4A2300AD80B0 /* Main.storyboard in Resources */,
			);
			runOnlyForDeploymentPostprocessing = 0;
		};
/* End PBXResourcesBuildPhase section */

/* Begin PBXSourcesBuildPhase section */
		99D79F1629AF4A2300AD80B0 /* Sources */ = {
			isa = PBXSourcesBuildPhase;
			buildActionMask = 2147483647;
			files = (
				99D79F2229AF4A2300AD80B0 /* ViewController.swift in Sources */,
				99D79F6A29B83EB800AD80B0 /* DropDownMenuViewController.swift in Sources */,
				99D79F6629B74C8600AD80B0 /* AlwaysShowPopup.swift in Sources */,
				99D79F1E29AF4A2300AD80B0 /* AppDelegate.swift in Sources */,
				99D79F3629B07D9F00AD80B0 /* HomeViewController.swift in Sources */,
				99D79F6429B6396000AD80B0 /* NavBarMenuView.swift in Sources */,
				994ED45929B86D0F00D8B414 /* DropDownMenuCell.swift in Sources */,
				99D79F2029AF4A2300AD80B0 /* SceneDelegate.swift in Sources */,
				99663AAC29BADF050027456F /* NavBarMenuContainerView.swift in Sources */,
				99D79F6829B82C5900AD80B0 /* DropDownMenuNoArrowPopoverBackgroundView.swift in Sources */,
				99F3376629BE3BC300B269E6 /* DropDownMenuView.swift in Sources */,
			);
			runOnlyForDeploymentPostprocessing = 0;
		};
/* End PBXSourcesBuildPhase section */

/* Begin PBXVariantGroup section */
		99D79F2329AF4A2300AD80B0 /* Main.storyboard */ = {
			isa = PBXVariantGroup;
			children = (
				99D79F2429AF4A2300AD80B0 /* Base */,
			);
			name = Main.storyboard;
			sourceTree = "<group>";
		};
		99D79F2829AF4A2500AD80B0 /* LaunchScreen.storyboard */ = {
			isa = PBXVariantGroup;
			children = (
				99D79F2929AF4A2500AD80B0 /* Base */,
			);
			name = LaunchScreen.storyboard;
			sourceTree = "<group>";
		};
/* End PBXVariantGroup section */

/* Begin XCBuildConfiguration section */
		99D79F2C29AF4A2500AD80B0 /* Debug */ = {
			isa = XCBuildConfiguration;
			buildSettings = {
				ALWAYS_SEARCH_USER_PATHS = NO;
				CLANG_ANALYZER_NONNULL = YES;
				CLANG_ANALYZER_NUMBER_OBJECT_CONVERSION = YES_AGGRESSIVE;
				CLANG_CXX_LANGUAGE_STANDARD = "gnu++20";
				CLANG_ENABLE_MODULES = YES;
				CLANG_ENABLE_OBJC_ARC = YES;
				CLANG_ENABLE_OBJC_WEAK = YES;
				CLANG_WARN_BLOCK_CAPTURE_AUTORELEASING = YES;
				CLANG_WARN_BOOL_CONVERSION = YES;
				CLANG_WARN_COMMA = YES;
				CLANG_WARN_CONSTANT_CONVERSION = YES;
				CLANG_WARN_DEPRECATED_OBJC_IMPLEMENTATIONS = YES;
				CLANG_WARN_DIRECT_OBJC_ISA_USAGE = YES_ERROR;
				CLANG_WARN_DOCUMENTATION_COMMENTS = YES;
				CLANG_WARN_EMPTY_BODY = YES;
				CLANG_WARN_ENUM_CONVERSION = YES;
				CLANG_WARN_INFINITE_RECURSION = YES;
				CLANG_WARN_INT_CONVERSION = YES;
				CLANG_WARN_NON_LITERAL_NULL_CONVERSION = YES;
				CLANG_WARN_OBJC_IMPLICIT_RETAIN_SELF = YES;
				CLANG_WARN_OBJC_LITERAL_CONVERSION = YES;
				CLANG_WARN_OBJC_ROOT_CLASS = YES_ERROR;
				CLANG_WARN_QUOTED_INCLUDE_IN_FRAMEWORK_HEADER = YES;
				CLANG_WARN_RANGE_LOOP_ANALYSIS = YES;
				CLANG_WARN_STRICT_PROTOTYPES = YES;
				CLANG_WARN_SUSPICIOUS_MOVE = YES;
				CLANG_WARN_UNGUARDED_AVAILABILITY = YES_AGGRESSIVE;
				CLANG_WARN_UNREACHABLE_CODE = YES;
				CLANG_WARN__DUPLICATE_METHOD_MATCH = YES;
				COPY_PHASE_STRIP = NO;
				DEBUG_INFORMATION_FORMAT = dwarf;
				ENABLE_STRICT_OBJC_MSGSEND = YES;
				ENABLE_TESTABILITY = YES;
				GCC_C_LANGUAGE_STANDARD = gnu11;
				GCC_DYNAMIC_NO_PIC = NO;
				GCC_NO_COMMON_BLOCKS = YES;
				GCC_OPTIMIZATION_LEVEL = 0;
				GCC_PREPROCESSOR_DEFINITIONS = (
					"DEBUG=1",
					"$(inherited)",
				);
				GCC_WARN_64_TO_32_BIT_CONVERSION = YES;
				GCC_WARN_ABOUT_RETURN_TYPE = YES_ERROR;
				GCC_WARN_UNDECLARED_SELECTOR = YES;
				GCC_WARN_UNINITIALIZED_AUTOS = YES_AGGRESSIVE;
				GCC_WARN_UNUSED_FUNCTION = YES;
				GCC_WARN_UNUSED_VARIABLE = YES;
				IPHONEOS_DEPLOYMENT_TARGET = 16.1;
				MTL_ENABLE_DEBUG_INFO = INCLUDE_SOURCE;
				MTL_FAST_MATH = YES;
				ONLY_ACTIVE_ARCH = YES;
				SDKROOT = iphoneos;
				SWIFT_ACTIVE_COMPILATION_CONDITIONS = DEBUG;
				SWIFT_OPTIMIZATION_LEVEL = "-Onone";
			};
			name = Debug;
		};
		99D79F2D29AF4A2500AD80B0 /* Release */ = {
			isa = XCBuildConfiguration;
			buildSettings = {
				ALWAYS_SEARCH_USER_PATHS = NO;
				CLANG_ANALYZER_NONNULL = YES;
				CLANG_ANALYZER_NUMBER_OBJECT_CONVERSION = YES_AGGRESSIVE;
				CLANG_CXX_LANGUAGE_STANDARD = "gnu++20";
				CLANG_ENABLE_MODULES = YES;
				CLANG_ENABLE_OBJC_ARC = YES;
				CLANG_ENABLE_OBJC_WEAK = YES;
				CLANG_WARN_BLOCK_CAPTURE_AUTORELEASING = YES;
				CLANG_WARN_BOOL_CONVERSION = YES;
				CLANG_WARN_COMMA = YES;
				CLANG_WARN_CONSTANT_CONVERSION = YES;
				CLANG_WARN_DEPRECATED_OBJC_IMPLEMENTATIONS = YES;
				CLANG_WARN_DIRECT_OBJC_ISA_USAGE = YES_ERROR;
				CLANG_WARN_DOCUMENTATION_COMMENTS = YES;
				CLANG_WARN_EMPTY_BODY = YES;
				CLANG_WARN_ENUM_CONVERSION = YES;
				CLANG_WARN_INFINITE_RECURSION = YES;
				CLANG_WARN_INT_CONVERSION = YES;
				CLANG_WARN_NON_LITERAL_NULL_CONVERSION = YES;
				CLANG_WARN_OBJC_IMPLICIT_RETAIN_SELF = YES;
				CLANG_WARN_OBJC_LITERAL_CONVERSION = YES;
				CLANG_WARN_OBJC_ROOT_CLASS = YES_ERROR;
				CLANG_WARN_QUOTED_INCLUDE_IN_FRAMEWORK_HEADER = YES;
				CLANG_WARN_RANGE_LOOP_ANALYSIS = YES;
				CLANG_WARN_STRICT_PROTOTYPES = YES;
				CLANG_WARN_SUSPICIOUS_MOVE = YES;
				CLANG_WARN_UNGUARDED_AVAILABILITY = YES_AGGRESSIVE;
				CLANG_WARN_UNREACHABLE_CODE = YES;
				CLANG_WARN__DUPLICATE_METHOD_MATCH = YES;
				COPY_PHASE_STRIP = NO;
				DEBUG_INFORMATION_FORMAT = "dwarf-with-dsym";
				ENABLE_NS_ASSERTIONS = NO;
				ENABLE_STRICT_OBJC_MSGSEND = YES;
				GCC_C_LANGUAGE_STANDARD = gnu11;
				GCC_NO_COMMON_BLOCKS = YES;
				GCC_WARN_64_TO_32_BIT_CONVERSION = YES;
				GCC_WARN_ABOUT_RETURN_TYPE = YES_ERROR;
				GCC_WARN_UNDECLARED_SELECTOR = YES;
				GCC_WARN_UNINITIALIZED_AUTOS = YES_AGGRESSIVE;
				GCC_WARN_UNUSED_FUNCTION = YES;
				GCC_WARN_UNUSED_VARIABLE = YES;
				IPHONEOS_DEPLOYMENT_TARGET = 16.1;
				MTL_ENABLE_DEBUG_INFO = NO;
				MTL_FAST_MATH = YES;
				SDKROOT = iphoneos;
				SWIFT_COMPILATION_MODE = wholemodule;
				SWIFT_OPTIMIZATION_LEVEL = "-O";
				VALIDATE_PRODUCT = YES;
			};
			name = Release;
		};
		99D79F2F29AF4A2500AD80B0 /* Debug */ = {
			isa = XCBuildConfiguration;
			buildSettings = {
				ASSETCATALOG_COMPILER_APPICON_NAME = AppIcon;
				ASSETCATALOG_COMPILER_GLOBAL_ACCENT_COLOR_NAME = AccentColor;
				CODE_SIGN_STYLE = Automatic;
				CURRENT_PROJECT_VERSION = 1;
				GENERATE_INFOPLIST_FILE = YES;
				INFOPLIST_FILE = component_dropDownView/Info.plist;
				INFOPLIST_KEY_UIApplicationSupportsIndirectInputEvents = YES;
				INFOPLIST_KEY_UILaunchStoryboardName = LaunchScreen;
				INFOPLIST_KEY_UIMainStoryboardFile = Main;
				INFOPLIST_KEY_UISupportedInterfaceOrientations_iPad = "UIInterfaceOrientationPortrait UIInterfaceOrientationPortraitUpsideDown UIInterfaceOrientationLandscapeLeft UIInterfaceOrientationLandscapeRight";
				INFOPLIST_KEY_UISupportedInterfaceOrientations_iPhone = "UIInterfaceOrientationPortrait UIInterfaceOrientationLandscapeLeft UIInterfaceOrientationLandscapeRight";
				IPHONEOS_DEPLOYMENT_TARGET = 13.0;
				LD_RUNPATH_SEARCH_PATHS = (
					"$(inherited)",
					"@executable_path/Frameworks",
				);
				MARKETING_VERSION = 1.0;
				PRODUCT_BUNDLE_IDENTIFIER = "com.vicki.component-dropDownView";
				PRODUCT_NAME = "$(TARGET_NAME)";
				SWIFT_EMIT_LOC_STRINGS = YES;
				SWIFT_VERSION = 5.0;
				TARGETED_DEVICE_FAMILY = "1,2";
			};
			name = Debug;
		};
		99D79F3029AF4A2500AD80B0 /* Release */ = {
			isa = XCBuildConfiguration;
			buildSettings = {
				ASSETCATALOG_COMPILER_APPICON_NAME = AppIcon;
				ASSETCATALOG_COMPILER_GLOBAL_ACCENT_COLOR_NAME = AccentColor;
				CODE_SIGN_STYLE = Automatic;
				CURRENT_PROJECT_VERSION = 1;
				GENERATE_INFOPLIST_FILE = YES;
				INFOPLIST_FILE = component_dropDownView/Info.plist;
				INFOPLIST_KEY_UIApplicationSupportsIndirectInputEvents = YES;
				INFOPLIST_KEY_UILaunchStoryboardName = LaunchScreen;
				INFOPLIST_KEY_UIMainStoryboardFile = Main;
				INFOPLIST_KEY_UISupportedInterfaceOrientations_iPad = "UIInterfaceOrientationPortrait UIInterfaceOrientationPortraitUpsideDown UIInterfaceOrientationLandscapeLeft UIInterfaceOrientationLandscapeRight";
				INFOPLIST_KEY_UISupportedInterfaceOrientations_iPhone = "UIInterfaceOrientationPortrait UIInterfaceOrientationLandscapeLeft UIInterfaceOrientationLandscapeRight";
				IPHONEOS_DEPLOYMENT_TARGET = 13.0;
				LD_RUNPATH_SEARCH_PATHS = (
					"$(inherited)",
					"@executable_path/Frameworks",
				);
				MARKETING_VERSION = 1.0;
				PRODUCT_BUNDLE_IDENTIFIER = "com.vicki.component-dropDownView";
				PRODUCT_NAME = "$(TARGET_NAME)";
				SWIFT_EMIT_LOC_STRINGS = YES;
				SWIFT_VERSION = 5.0;
				TARGETED_DEVICE_FAMILY = "1,2";
			};
			name = Release;
		};
/* End XCBuildConfiguration section */

/* Begin XCConfigurationList section */
		99D79F1529AF4A2300AD80B0 /* Build configuration list for PBXProject "component_dropDownView" */ = {
			isa = XCConfigurationList;
			buildConfigurations = (
				99D79F2C29AF4A2500AD80B0 /* Debug */,
				99D79F2D29AF4A2500AD80B0 /* Release */,
			);
			defaultConfigurationIsVisible = 0;
			defaultConfigurationName = Release;
		};
		99D79F2E29AF4A2500AD80B0 /* Build configuration list for PBXNativeTarget "component_dropDownView" */ = {
			isa = XCConfigurationList;
			buildConfigurations = (
				99D79F2F29AF4A2500AD80B0 /* Debug */,
				99D79F3029AF4A2500AD80B0 /* Release */,
			);
			defaultConfigurationIsVisible = 0;
			defaultConfigurationName = Release;
		};
/* End XCConfigurationList section */
	};
	rootObject = 99D79F1229AF4A2300AD80B0 /* Project object */;
}
